
Microsoft Visual Studio Solution File, Format Version 11.00
# Visual Studio 2010
Project("{FAE04EC0-301F-11D3-BF4B-00C04F79EFBC}") = "Entidades", "Entidades\Entidades.csproj", "{911320EF-EFF3-4CEC-83DC-3025B74E1C15}"
EndProject
Project("{2150E333-8FDC-42A3-9474-1A3956D46DE8}") = "Documentos", "Documentos", "{E310BD24-EA58-43D7-9B42-A5A7196C1108}"
	ProjectSection(SolutionItems) = preProject
		Documentos\sgcu.eap = Documentos\sgcu.eap
		Documentos\SGCU_Preliminar.doc = Documentos\SGCU_Preliminar.doc
	EndProjectSection
EndProject
Global
	GlobalSection(SolutionConfigurationPlatforms) = preSolution
		Debug|Any CPU = Debug|Any CPU
		Release|Any CPU = Release|Any CPU
	EndGlobalSection
	GlobalSection(ProjectConfigurationPlatforms) = postSolution
		{911320EF-EFF3-4CEC-83DC-3025B74E1C15}.Debug|Any CPU.ActiveCfg = Debug|Any CPU
		{911320EF-EFF3-4CEC-83DC-3025B74E1C15}.Debug|Any CPU.Build.0 = Debug|Any CPU
		{911320EF-EFF3-4CEC-83DC-3025B74E1C15}.Release|Any CPU.ActiveCfg = Release|Any CPU
		{911320EF-EFF3-4CEC-83DC-3025B74E1C15}.Release|Any CPU.Build.0 = Release|Any CPU
	EndGlobalSection
	GlobalSection(SolutionProperties) = preSolution
		HideSolutionNode = FALSE
	EndGlobalSection
EndGlobal
